
Microsoft Visual Studio Solution File, Format Version 12.00
# Visual Studio Version 17
VisualStudioVersion = 17.6.33723.286
MinimumVisualStudioVersion = 10.0.40219.1
Project("{FAE04EC0-301F-11D3-BF4B-00C04F79EFBC}") = "Calculator_v2", "Calculator_v2\Calculator_v2.csproj", "{45C17E49-1A3E-49C5-A58F-BCB8160A59A8}"
EndProject
Global
	GlobalSection(SolutionConfigurationPlatforms) = preSolution
		Debug|Any CPU = Debug|Any CPU
		Release|Any CPU = Release|Any CPU
	EndGlobalSection
	GlobalSection(ProjectConfigurationPlatforms) = postSolution
		{45C17E49-1A3E-49C5-A58F-BCB8160A59A8}.Debug|Any CPU.ActiveCfg = Debug|Any CPU
		{45C17E49-1A3E-49C5-A58F-BCB8160A59A8}.Debug|Any CPU.Build.0 = Debug|Any CPU
		{45C17E49-1A3E-49C5-A58F-BCB8160A59A8}.Release|Any CPU.ActiveCfg = Release|Any CPU
		{45C17E49-1A3E-49C5-A58F-BCB8160A59A8}.Release|Any CPU.Build.0 = Release|Any CPU
	EndGlobalSection
	GlobalSection(SolutionProperties) = preSolution
		HideSolutionNode = FALSE
	EndGlobalSection
	GlobalSection(ExtensibilityGlobals) = postSolution
		SolutionGuid = {9BCD9169-F9B5-4A25-8EBC-BD98D5F8F679}
	EndGlobalSection
EndGlobal
